
Microsoft Visual Studio Solution File, Format Version 12.00
# Visual Studio 14
VisualStudioVersion = 14.0.24720.0
MinimumVisualStudioVersion = 10.0.40219.1
Project("{2150E333-8FDC-42A3-9474-1A3956D46DE8}") = "DataStructure", "DataStructure", "{791A576A-55BD-4C5B-B24C-35E6A1B6B06F}"
EndProject
Project("{2150E333-8FDC-42A3-9474-1A3956D46DE8}") = "LinkedList", "LinkedList", "{EB522A43-B467-40A3-98E9-E11B02F4531A}"
EndProject
Project("{FAE04EC0-301F-11D3-BF4B-00C04F79EFBC}") = "DoublyLinkedList", "DataStructure\LinkedList\DoublyLinkedList\DoublyLinkedList.csproj", "{DA7F9F47-B813-4099-94E0-1F0843194302}"
EndProject
Project("{FAE04EC0-301F-11D3-BF4B-00C04F79EFBC}") = "LinkedList", "DataStructure\LinkedList\LinkedList\LinkedList.csproj", "{4D47603C-6AC4-4D95-B1A6-1E6BE7DC7341}"
EndProject
Project("{FAE04EC0-301F-11D3-BF4B-00C04F79EFBC}") = "LinkedList.Tests", "DataStructure\LinkedList\LinkedList.Tests\LinkedList.Tests.csproj", "{2EEBB9D0-3B12-4443-BCAD-DE8980FCE546}"
EndProject
Project("{FAE04EC0-301F-11D3-BF4B-00C04F79EFBC}") = "NetFxLinkedList", "DataStructure\LinkedList\NetFxLinkedList\NetFxLinkedList.csproj", "{7116E38E-EA05-4A5C-8F7E-3326B9F3E4E0}"
EndProject
Project("{FAE04EC0-301F-11D3-BF4B-00C04F79EFBC}") = "NodeChains", "DataStructure\LinkedList\NodeChains\NodeChains.csproj", "{88A30C63-9AD0-4330-9803-B55BB448D95A}"
EndProject
Project("{2150E333-8FDC-42A3-9474-1A3956D46DE8}") = "Stack", "Stack", "{00C7DC6F-9019-4634-8D3C-038C678F7ABC}"
EndProject
Project("{FAE04EC0-301F-11D3-BF4B-00C04F79EFBC}") = "Calculator", "DataStructure\Stack\Calculator\Calculator.csproj", "{C1AF64F9-0D0C-4A21-A5B2-FB52EE98C25D}"
EndProject
Project("{FAE04EC0-301F-11D3-BF4B-00C04F79EFBC}") = "NetFxStackCalculator", "DataStructure\Stack\NetFxStackCalculator\NetFxStackCalculator.csproj", "{BF2900C4-1E71-4EC6-BE20-1A2E2961C37C}"
EndProject
Project("{FAE04EC0-301F-11D3-BF4B-00C04F79EFBC}") = "Stack.List", "DataStructure\Stack\Stack\Stack.List.csproj", "{C61D529C-AF26-441B-A375-9CE89E56FB65}"
EndProject
Project("{FAE04EC0-301F-11D3-BF4B-00C04F79EFBC}") = "Stack.Array", "DataStructure\Stack\Stack.Array\Stack.Array.csproj", "{F56BE7D6-F607-4A76-BF13-6D078CD1A5B2}"
EndProject
Project("{FAE04EC0-301F-11D3-BF4B-00C04F79EFBC}") = "Stack.Tests", "DataStructure\Stack\Stack.Tests\Stack.Tests.csproj", "{4FE3B420-7E63-4C2F-91B4-1536AA42A74F}"
EndProject
Project("{FAE04EC0-301F-11D3-BF4B-00C04F79EFBC}") = "WpfStackDemo", "DataStructure\Stack\WpfStackDemo\WpfStackDemo.csproj", "{94DE9000-A735-4BC5-883C-9CA89922EF2D}"
EndProject
Project("{2150E333-8FDC-42A3-9474-1A3956D46DE8}") = "Algorithm", "Algorithm", "{EF66BC20-0FED-4451-805D-F20DB3B09240}"
EndProject
Project("{2150E333-8FDC-42A3-9474-1A3956D46DE8}") = "Sort", "Sort", "{BFFE31E7-E872-4737-86EC-7F369D634BE0}"
EndProject
Project("{FAE04EC0-301F-11D3-BF4B-00C04F79EFBC}") = "Sorting", "Algorithm\Sort\Sorting\Sorting.csproj", "{0CEAFD73-29E8-4E5F-9588-3D6D3F486C84}"
EndProject
Project("{FAE04EC0-301F-11D3-BF4B-00C04F79EFBC}") = "SortingTests", "Algorithm\Sort\SortingTests\SortingTests.csproj", "{00BDD253-9D71-461D-A532-EB90E22E629A}"
EndProject
Project("{FAE04EC0-301F-11D3-BF4B-00C04F79EFBC}") = "SortingVisualizer", "Algorithm\Sort\SortingVisualizer\SortingVisualizer.csproj", "{0EC6C38D-AFF6-455B-91DF-347704D19715}"
EndProject
Project("{FAE04EC0-301F-11D3-BF4B-00C04F79EFBC}") = "Tracker", "Algorithm\Sort\Tracker\Tracker.csproj", "{4695BA37-9807-4265-BAAF-E9D1404F8408}"
EndProject
Global
	GlobalSection(SolutionConfigurationPlatforms) = preSolution
		Debug|Any CPU = Debug|Any CPU
		Debug|x86 = Debug|x86
		Release|Any CPU = Release|Any CPU
		Release|x86 = Release|x86
	EndGlobalSection
	GlobalSection(ProjectConfigurationPlatforms) = postSolution
		{DA7F9F47-B813-4099-94E0-1F0843194302}.Debug|Any CPU.ActiveCfg = Debug|Any CPU
		{DA7F9F47-B813-4099-94E0-1F0843194302}.Debug|Any CPU.Build.0 = Debug|Any CPU
		{DA7F9F47-B813-4099-94E0-1F0843194302}.Debug|x86.ActiveCfg = Debug|Any CPU
		{DA7F9F47-B813-4099-94E0-1F0843194302}.Debug|x86.Build.0 = Debug|Any CPU
		{DA7F9F47-B813-4099-94E0-1F0843194302}.Release|Any CPU.ActiveCfg = Release|Any CPU
		{DA7F9F47-B813-4099-94E0-1F0843194302}.Release|Any CPU.Build.0 = Release|Any CPU
		{DA7F9F47-B813-4099-94E0-1F0843194302}.Release|x86.ActiveCfg = Release|Any CPU
		{DA7F9F47-B813-4099-94E0-1F0843194302}.Release|x86.Build.0 = Release|Any CPU
		{4D47603C-6AC4-4D95-B1A6-1E6BE7DC7341}.Debug|Any CPU.ActiveCfg = Debug|Any CPU
		{4D47603C-6AC4-4D95-B1A6-1E6BE7DC7341}.Debug|Any CPU.Build.0 = Debug|Any CPU
		{4D47603C-6AC4-4D95-B1A6-1E6BE7DC7341}.Debug|x86.ActiveCfg = Debug|Any CPU
		{4D47603C-6AC4-4D95-B1A6-1E6BE7DC7341}.Debug|x86.Build.0 = Debug|Any CPU
		{4D47603C-6AC4-4D95-B1A6-1E6BE7DC7341}.Release|Any CPU.ActiveCfg = Release|Any CPU
		{4D47603C-6AC4-4D95-B1A6-1E6BE7DC7341}.Release|Any CPU.Build.0 = Release|Any CPU
		{4D47603C-6AC4-4D95-B1A6-1E6BE7DC7341}.Release|x86.ActiveCfg = Release|Any CPU
		{4D47603C-6AC4-4D95-B1A6-1E6BE7DC7341}.Release|x86.Build.0 = Release|Any CPU
		{2EEBB9D0-3B12-4443-BCAD-DE8980FCE546}.Debug|Any CPU.ActiveCfg = Debug|Any CPU
		{2EEBB9D0-3B12-4443-BCAD-DE8980FCE546}.Debug|Any CPU.Build.0 = Debug|Any CPU
		{2EEBB9D0-3B12-4443-BCAD-DE8980FCE546}.Debug|x86.ActiveCfg = Debug|Any CPU
		{2EEBB9D0-3B12-4443-BCAD-DE8980FCE546}.Debug|x86.Build.0 = Debug|Any CPU
		{2EEBB9D0-3B12-4443-BCAD-DE8980FCE546}.Release|Any CPU.ActiveCfg = Release|Any CPU
		{2EEBB9D0-3B12-4443-BCAD-DE8980FCE546}.Release|Any CPU.Build.0 = Release|Any CPU
		{2EEBB9D0-3B12-4443-BCAD-DE8980FCE546}.Release|x86.ActiveCfg = Release|Any CPU
		{2EEBB9D0-3B12-4443-BCAD-DE8980FCE546}.Release|x86.Build.0 = Release|Any CPU
		{7116E38E-EA05-4A5C-8F7E-3326B9F3E4E0}.Debug|Any CPU.ActiveCfg = Debug|x86
		{7116E38E-EA05-4A5C-8F7E-3326B9F3E4E0}.Debug|x86.ActiveCfg = Debug|x86
		{7116E38E-EA05-4A5C-8F7E-3326B9F3E4E0}.Debug|x86.Build.0 = Debug|x86
		{7116E38E-EA05-4A5C-8F7E-3326B9F3E4E0}.Release|Any CPU.ActiveCfg = Release|x86
		{7116E38E-EA05-4A5C-8F7E-3326B9F3E4E0}.Release|x86.ActiveCfg = Release|x86
		{7116E38E-EA05-4A5C-8F7E-3326B9F3E4E0}.Release|x86.Build.0 = Release|x86
		{88A30C63-9AD0-4330-9803-B55BB448D95A}.Debug|Any CPU.ActiveCfg = Debug|x86
		{88A30C63-9AD0-4330-9803-B55BB448D95A}.Debug|x86.ActiveCfg = Debug|x86
		{88A30C63-9AD0-4330-9803-B55BB448D95A}.Debug|x86.Build.0 = Debug|x86
		{88A30C63-9AD0-4330-9803-B55BB448D95A}.Release|Any CPU.ActiveCfg = Release|x86
		{88A30C63-9AD0-4330-9803-B55BB448D95A}.Release|x86.ActiveCfg = Release|x86
		{88A30C63-9AD0-4330-9803-B55BB448D95A}.Release|x86.Build.0 = Release|x86
		{C1AF64F9-0D0C-4A21-A5B2-FB52EE98C25D}.Debug|Any CPU.ActiveCfg = Debug|x86
		{C1AF64F9-0D0C-4A21-A5B2-FB52EE98C25D}.Debug|x86.ActiveCfg = Debug|x86
		{C1AF64F9-0D0C-4A21-A5B2-FB52EE98C25D}.Debug|x86.Build.0 = Debug|x86
		{C1AF64F9-0D0C-4A21-A5B2-FB52EE98C25D}.Release|Any CPU.ActiveCfg = Release|x86
		{C1AF64F9-0D0C-4A21-A5B2-FB52EE98C25D}.Release|x86.ActiveCfg = Release|x86
		{C1AF64F9-0D0C-4A21-A5B2-FB52EE98C25D}.Release|x86.Build.0 = Release|x86
		{BF2900C4-1E71-4EC6-BE20-1A2E2961C37C}.Debug|Any CPU.ActiveCfg = Debug|x86
		{BF2900C4-1E71-4EC6-BE20-1A2E2961C37C}.Debug|x86.ActiveCfg = Debug|x86
		{BF2900C4-1E71-4EC6-BE20-1A2E2961C37C}.Debug|x86.Build.0 = Debug|x86
		{BF2900C4-1E71-4EC6-BE20-1A2E2961C37C}.Release|Any CPU.ActiveCfg = Release|x86
		{BF2900C4-1E71-4EC6-BE20-1A2E2961C37C}.Release|x86.ActiveCfg = Release|x86
		{BF2900C4-1E71-4EC6-BE20-1A2E2961C37C}.Release|x86.Build.0 = Release|x86
		{C61D529C-AF26-441B-A375-9CE89E56FB65}.Debug|Any CPU.ActiveCfg = Debug|Any CPU
		{C61D529C-AF26-441B-A375-9CE89E56FB65}.Debug|Any CPU.Build.0 = Debug|Any CPU
		{C61D529C-AF26-441B-A375-9CE89E56FB65}.Debug|x86.ActiveCfg = Debug|Any CPU
		{C61D529C-AF26-441B-A375-9CE89E56FB65}.Debug|x86.Build.0 = Debug|Any CPU
		{C61D529C-AF26-441B-A375-9CE89E56FB65}.Release|Any CPU.ActiveCfg = Release|Any CPU
		{C61D529C-AF26-441B-A375-9CE89E56FB65}.Release|Any CPU.Build.0 = Release|Any CPU
		{C61D529C-AF26-441B-A375-9CE89E56FB65}.Release|x86.ActiveCfg = Release|Any CPU
		{C61D529C-AF26-441B-A375-9CE89E56FB65}.Release|x86.Build.0 = Release|Any CPU
		{F56BE7D6-F607-4A76-BF13-6D078CD1A5B2}.Debug|Any CPU.ActiveCfg = Debug|Any CPU
		{F56BE7D6-F607-4A76-BF13-6D078CD1A5B2}.Debug|Any CPU.Build.0 = Debug|Any CPU
		{F56BE7D6-F607-4A76-BF13-6D078CD1A5B2}.Debug|x86.ActiveCfg = Debug|Any CPU
		{F56BE7D6-F607-4A76-BF13-6D078CD1A5B2}.Debug|x86.Build.0 = Debug|Any CPU
		{F56BE7D6-F607-4A76-BF13-6D078CD1A5B2}.Release|Any CPU.ActiveCfg = Release|Any CPU
		{F56BE7D6-F607-4A76-BF13-6D078CD1A5B2}.Release|Any CPU.Build.0 = Release|Any CPU
		{F56BE7D6-F607-4A76-BF13-6D078CD1A5B2}.Release|x86.ActiveCfg = Release|Any CPU
		{F56BE7D6-F607-4A76-BF13-6D078CD1A5B2}.Release|x86.Build.0 = Release|Any CPU
		{4FE3B420-7E63-4C2F-91B4-1536AA42A74F}.Debug|Any CPU.ActiveCfg = Debug|Any CPU
		{4FE3B420-7E63-4C2F-91B4-1536AA42A74F}.Debug|Any CPU.Build.0 = Debug|Any CPU
		{4FE3B420-7E63-4C2F-91B4-1536AA42A74F}.Debug|x86.ActiveCfg = Debug|Any CPU
		{4FE3B420-7E63-4C2F-91B4-1536AA42A74F}.Debug|x86.Build.0 = Debug|Any CPU
		{4FE3B420-7E63-4C2F-91B4-1536AA42A74F}.Release|Any CPU.ActiveCfg = Release|Any CPU
		{4FE3B420-7E63-4C2F-91B4-1536AA42A74F}.Release|Any CPU.Build.0 = Release|Any CPU
		{4FE3B420-7E63-4C2F-91B4-1536AA42A74F}.Release|x86.ActiveCfg = Release|Any CPU
		{4FE3B420-7E63-4C2F-91B4-1536AA42A74F}.Release|x86.Build.0 = Release|Any CPU
		{94DE9000-A735-4BC5-883C-9CA89922EF2D}.Debug|Any CPU.ActiveCfg = Debug|x86
		{94DE9000-A735-4BC5-883C-9CA89922EF2D}.Debug|x86.ActiveCfg = Debug|x86
		{94DE9000-A735-4BC5-883C-9CA89922EF2D}.Debug|x86.Build.0 = Debug|x86
		{94DE9000-A735-4BC5-883C-9CA89922EF2D}.Release|Any CPU.ActiveCfg = Release|x86
		{94DE9000-A735-4BC5-883C-9CA89922EF2D}.Release|x86.ActiveCfg = Release|x86
		{94DE9000-A735-4BC5-883C-9CA89922EF2D}.Release|x86.Build.0 = Release|x86
		{0CEAFD73-29E8-4E5F-9588-3D6D3F486C84}.Debug|Any CPU.ActiveCfg = Debug|Any CPU
		{0CEAFD73-29E8-4E5F-9588-3D6D3F486C84}.Debug|Any CPU.Build.0 = Debug|Any CPU
		{0CEAFD73-29E8-4E5F-9588-3D6D3F486C84}.Debug|x86.ActiveCfg = Debug|Any CPU
		{0CEAFD73-29E8-4E5F-9588-3D6D3F486C84}.Debug|x86.Build.0 = Debug|Any CPU
		{0CEAFD73-29E8-4E5F-9588-3D6D3F486C84}.Release|Any CPU.ActiveCfg = Release|Any CPU
		{0CEAFD73-29E8-4E5F-9588-3D6D3F486C84}.Release|Any CPU.Build.0 = Release|Any CPU
		{0CEAFD73-29E8-4E5F-9588-3D6D3F486C84}.Release|x86.ActiveCfg = Release|Any CPU
		{0CEAFD73-29E8-4E5F-9588-3D6D3F486C84}.Release|x86.Build.0 = Release|Any CPU
		{00BDD253-9D71-461D-A532-EB90E22E629A}.Debug|Any CPU.ActiveCfg = Debug|Any CPU
		{00BDD253-9D71-461D-A532-EB90E22E629A}.Debug|Any CPU.Build.0 = Debug|Any CPU
		{00BDD253-9D71-461D-A532-EB90E22E629A}.Debug|x86.ActiveCfg = Debug|Any CPU
		{00BDD253-9D71-461D-A532-EB90E22E629A}.Debug|x86.Build.0 = Debug|Any CPU
		{00BDD253-9D71-461D-A532-EB90E22E629A}.Release|Any CPU.ActiveCfg = Release|Any CPU
		{00BDD253-9D71-461D-A532-EB90E22E629A}.Release|Any CPU.Build.0 = Release|Any CPU
		{00BDD253-9D71-461D-A532-EB90E22E629A}.Release|x86.ActiveCfg = Release|Any CPU
		{00BDD253-9D71-461D-A532-EB90E22E629A}.Release|x86.Build.0 = Release|Any CPU
		{0EC6C38D-AFF6-455B-91DF-347704D19715}.Debug|Any CPU.ActiveCfg = Debug|x86
		{0EC6C38D-AFF6-455B-91DF-347704D19715}.Debug|x86.ActiveCfg = Debug|x86
		{0EC6C38D-AFF6-455B-91DF-347704D19715}.Debug|x86.Build.0 = Debug|x86
		{0EC6C38D-AFF6-455B-91DF-347704D19715}.Release|Any CPU.ActiveCfg = Release|x86
		{0EC6C38D-AFF6-455B-91DF-347704D19715}.Release|x86.ActiveCfg = Release|x86
		{0EC6C38D-AFF6-455B-91DF-347704D19715}.Release|x86.Build.0 = Release|x86
		{4695BA37-9807-4265-BAAF-E9D1404F8408}.Debug|Any CPU.ActiveCfg = Debug|Any CPU
		{4695BA37-9807-4265-BAAF-E9D1404F8408}.Debug|Any CPU.Build.0 = Debug|Any CPU
		{4695BA37-9807-4265-BAAF-E9D1404F8408}.Debug|x86.ActiveCfg = Debug|Any CPU
		{4695BA37-9807-4265-BAAF-E9D1404F8408}.Debug|x86.Build.0 = Debug|Any CPU
		{4695BA37-9807-4265-BAAF-E9D1404F8408}.Release|Any CPU.ActiveCfg = Release|Any CPU
		{4695BA37-9807-4265-BAAF-E9D1404F8408}.Release|Any CPU.Build.0 = Release|Any CPU
		{4695BA37-9807-4265-BAAF-E9D1404F8408}.Release|x86.ActiveCfg = Release|Any CPU
		{4695BA37-9807-4265-BAAF-E9D1404F8408}.Release|x86.Build.0 = Release|Any CPU
	EndGlobalSection
	GlobalSection(SolutionProperties) = preSolution
		HideSolutionNode = FALSE
	EndGlobalSection
	GlobalSection(NestedProjects) = preSolution
		{EB522A43-B467-40A3-98E9-E11B02F4531A} = {791A576A-55BD-4C5B-B24C-35E6A1B6B06F}
		{DA7F9F47-B813-4099-94E0-1F0843194302} = {EB522A43-B467-40A3-98E9-E11B02F4531A}
		{4D47603C-6AC4-4D95-B1A6-1E6BE7DC7341} = {EB522A43-B467-40A3-98E9-E11B02F4531A}
		{2EEBB9D0-3B12-4443-BCAD-DE8980FCE546} = {EB522A43-B467-40A3-98E9-E11B02F4531A}
		{7116E38E-EA05-4A5C-8F7E-3326B9F3E4E0} = {EB522A43-B467-40A3-98E9-E11B02F4531A}
		{88A30C63-9AD0-4330-9803-B55BB448D95A} = {EB522A43-B467-40A3-98E9-E11B02F4531A}
		{00C7DC6F-9019-4634-8D3C-038C678F7ABC} = {791A576A-55BD-4C5B-B24C-35E6A1B6B06F}
		{C1AF64F9-0D0C-4A21-A5B2-FB52EE98C25D} = {00C7DC6F-9019-4634-8D3C-038C678F7ABC}
		{BF2900C4-1E71-4EC6-BE20-1A2E2961C37C} = {00C7DC6F-9019-4634-8D3C-038C678F7ABC}
		{C61D529C-AF26-441B-A375-9CE89E56FB65} = {00C7DC6F-9019-4634-8D3C-038C678F7ABC}
		{F56BE7D6-F607-4A76-BF13-6D078CD1A5B2} = {00C7DC6F-9019-4634-8D3C-038C678F7ABC}
		{4FE3B420-7E63-4C2F-91B4-1536AA42A74F} = {00C7DC6F-9019-4634-8D3C-038C678F7ABC}
		{94DE9000-A735-4BC5-883C-9CA89922EF2D} = {00C7DC6F-9019-4634-8D3C-038C678F7ABC}
		{BFFE31E7-E872-4737-86EC-7F369D634BE0} = {EF66BC20-0FED-4451-805D-F20DB3B09240}
		{0CEAFD73-29E8-4E5F-9588-3D6D3F486C84} = {BFFE31E7-E872-4737-86EC-7F369D634BE0}
		{00BDD253-9D71-461D-A532-EB90E22E629A} = {BFFE31E7-E872-4737-86EC-7F369D634BE0}
		{0EC6C38D-AFF6-455B-91DF-347704D19715} = {BFFE31E7-E872-4737-86EC-7F369D634BE0}
		{4695BA37-9807-4265-BAAF-E9D1404F8408} = {EF66BC20-0FED-4451-805D-F20DB3B09240}
	EndGlobalSection
EndGlobal
