
Microsoft Visual Studio Solution File, Format Version 12.00
# Visual Studio 14
VisualStudioVersion = 14.0.24720.0
MinimumVisualStudioVersion = 10.0.40219.1
Project("{2150E333-8FDC-42A3-9474-1A3956D46DE8}") = "DataStructure", "DataStructure", "{791A576A-55BD-4C5B-B24C-35E6A1B6B06F}"
EndProject
Project("{2150E333-8FDC-42A3-9474-1A3956D46DE8}") = "LinkedList", "LinkedList", "{EB522A43-B467-40A3-98E9-E11B02F4531A}"
EndProject
Project("{FAE04EC0-301F-11D3-BF4B-00C04F79EFBC}") = "DoublyLinkedList", "DataStructure\LinkedList\DoublyLinkedList\DoublyLinkedList.csproj", "{DA7F9F47-B813-4099-94E0-1F0843194302}"
EndProject
Project("{FAE04EC0-301F-11D3-BF4B-00C04F79EFBC}") = "LinkedList", "DataStructure\LinkedList\LinkedList\LinkedList.csproj", "{4D47603C-6AC4-4D95-B1A6-1E6BE7DC7341}"
EndProject
Project("{FAE04EC0-301F-11D3-BF4B-00C04F79EFBC}") = "LinkedList.Tests", "DataStructure\LinkedList\LinkedList.Tests\LinkedList.Tests.csproj", "{2EEBB9D0-3B12-4443-BCAD-DE8980FCE546}"
EndProject
Project("{FAE04EC0-301F-11D3-BF4B-00C04F79EFBC}") = "NetFxLinkedList", "DataStructure\LinkedList\NetFxLinkedList\NetFxLinkedList.csproj", "{7116E38E-EA05-4A5C-8F7E-3326B9F3E4E0}"
EndProject
Project("{FAE04EC0-301F-11D3-BF4B-00C04F79EFBC}") = "NodeChains", "DataStructure\LinkedList\NodeChains\NodeChains.csproj", "{88A30C63-9AD0-4330-9803-B55BB448D95A}"
EndProject
Project("{2150E333-8FDC-42A3-9474-1A3956D46DE8}") = "Stack", "Stack", "{00C7DC6F-9019-4634-8D3C-038C678F7ABC}"
EndProject
Project("{FAE04EC0-301F-11D3-BF4B-00C04F79EFBC}") = "Calculator", "DataStructure\Stack\Calculator\Calculator.csproj", "{C1AF64F9-0D0C-4A21-A5B2-FB52EE98C25D}"
EndProject
Project("{FAE04EC0-301F-11D3-BF4B-00C04F79EFBC}") = "NetFxStackCalculator", "DataStructure\Stack\NetFxStackCalculator\NetFxStackCalculator.csproj", "{BF2900C4-1E71-4EC6-BE20-1A2E2961C37C}"
EndProject
Project("{FAE04EC0-301F-11D3-BF4B-00C04F79EFBC}") = "Stack.List", "DataStructure\Stack\Stack\Stack.List.csproj", "{C61D529C-AF26-441B-A375-9CE89E56FB65}"
EndProject
Project("{FAE04EC0-301F-11D3-BF4B-00C04F79EFBC}") = "Stack.Array", "DataStructure\Stack\Stack.Array\Stack.Array.csproj", "{F56BE7D6-F607-4A76-BF13-6D078CD1A5B2}"
EndProject
Project("{FAE04EC0-301F-11D3-BF4B-00C04F79EFBC}") = "Stack.Tests", "DataStructure\Stack\Stack.Tests\Stack.Tests.csproj", "{4FE3B420-7E63-4C2F-91B4-1536AA42A74F}"
EndProject
Project("{FAE04EC0-301F-11D3-BF4B-00C04F79EFBC}") = "WpfStackDemo", "DataStructure\Stack\WpfStackDemo\WpfStackDemo.csproj", "{94DE9000-A735-4BC5-883C-9CA89922EF2D}"
EndProject
Project("{2150E333-8FDC-42A3-9474-1A3956D46DE8}") = "Algorithm", "Algorithm", "{EF66BC20-0FED-4451-805D-F20DB3B09240}"
EndProject
Project("{2150E333-8FDC-42A3-9474-1A3956D46DE8}") = "Sort", "Sort", "{BFFE31E7-E872-4737-86EC-7F369D634BE0}"
EndProject
Project("{FAE04EC0-301F-11D3-BF4B-00C04F79EFBC}") = "Sorting", "Algorithm\Sort\Sorting\Sorting.csproj", "{0CEAFD73-29E8-4E5F-9588-3D6D3F486C84}"
EndProject
Project("{FAE04EC0-301F-11D3-BF4B-00C04F79EFBC}") = "SortingTests", "Algorithm\Sort\SortingTests\SortingTests.csproj", "{00BDD253-9D71-461D-A532-EB90E22E629A}"
EndProject
Project("{FAE04EC0-301F-11D3-BF4B-00C04F79EFBC}") = "SortingVisualizer", "Algorithm\Sort\SortingVisualizer\SortingVisualizer.csproj", "{0EC6C38D-AFF6-455B-91DF-347704D19715}"
EndProject
Project("{FAE04EC0-301F-11D3-BF4B-00C04F79EFBC}") = "Tracker", "Algorithm\Sort\Tracker\Tracker.csproj", "{4695BA37-9807-4265-BAAF-E9D1404F8408}"
EndProject
Project("{2150E333-8FDC-42A3-9474-1A3956D46DE8}") = "Set", "Set", "{64E031AF-A81E-4B6E-A0C6-62FFFC7B2228}"
EndProject
Project("{FAE04EC0-301F-11D3-BF4B-00C04F79EFBC}") = "Set", "Algorithm\Set\Set\Set.csproj", "{1AFA297F-DF1E-4FBB-9351-608C6B881691}"
EndProject
Project("{FAE04EC0-301F-11D3-BF4B-00C04F79EFBC}") = "SetDemo", "Algorithm\Set\SetDemo\SetDemo.csproj", "{C73ADEC2-59D1-4107-AF18-34B1D58FEF66}"
EndProject
Project("{FAE04EC0-301F-11D3-BF4B-00C04F79EFBC}") = "SetTests", "Algorithm\Set\SetTests\SetTests.csproj", "{CFD152F0-395E-46B7-88C8-753D360713A9}"
EndProject
Project("{2150E333-8FDC-42A3-9474-1A3956D46DE8}") = "Queue", "Queue", "{3115E418-FAF4-4A7F-ACD4-D402ECE717B6}"
EndProject
Project("{FAE04EC0-301F-11D3-BF4B-00C04F79EFBC}") = "NetFxQueue", "DataStructure\Queue\NetFxQueue\NetFxQueue.csproj", "{56C1C25E-5DBD-4B53-811D-4D9BB0640168}"
EndProject
Project("{FAE04EC0-301F-11D3-BF4B-00C04F79EFBC}") = "PriorityQueue", "DataStructure\Queue\PriorityQueue\PriorityQueue.csproj", "{1EC0A6CB-2255-4451-A320-D06964CBF8EA}"
EndProject
Project("{FAE04EC0-301F-11D3-BF4B-00C04F79EFBC}") = "Queue.Array", "DataStructure\Queue\Queue.Array\Queue.Array.csproj", "{26488139-95EA-424E-8A71-34D4A3C3E2C2}"
EndProject
Project("{FAE04EC0-301F-11D3-BF4B-00C04F79EFBC}") = "Queue.List", "DataStructure\Queue\Queue.List\Queue.List.csproj", "{26B5C959-8A9A-41DD-9A10-18F68FDEEA6C}"
EndProject
Project("{FAE04EC0-301F-11D3-BF4B-00C04F79EFBC}") = "Queue.Tests", "DataStructure\Queue\Queue.Tests\Queue.Tests.csproj", "{80578362-8E39-4C0B-8926-992686201F00}"
EndProject
Project("{FAE04EC0-301F-11D3-BF4B-00C04F79EFBC}") = "Wpf.VisualQueue", "DataStructure\Queue\Wpf.MessageQueue\Wpf.VisualQueue.csproj", "{7A88AD3F-EBA6-416E-AFC3-5B0F144D1B66}"
EndProject
Project("{FAE04EC0-301F-11D3-BF4B-00C04F79EFBC}") = "Wpf.PriorityVisualQueue", "DataStructure\Queue\Wpf.PriorityMessageQueue\Wpf.PriorityVisualQueue.csproj", "{642C811F-9A11-4042-96FA-8B1CFD5A271A}"
EndProject
Project("{2150E333-8FDC-42A3-9474-1A3956D46DE8}") = "BinaryTree", "BinaryTree", "{D50DD2D8-D729-4D7F-8FFF-B5544B07A3C8}"
EndProject
Project("{FAE04EC0-301F-11D3-BF4B-00C04F79EFBC}") = "BinaryTree", "DataStructure\BinaryTree\BinaryTree\BinaryTree.csproj", "{EB2A9A94-AFBC-40CB-AA19-B38112916ADF}"
EndProject
Project("{FAE04EC0-301F-11D3-BF4B-00C04F79EFBC}") = "BinaryTreeTests", "DataStructure\BinaryTree\BinaryTreeTests\BinaryTreeTests.csproj", "{2D8F1BFD-57A7-47A1-8252-6C24C1B1878A}"
EndProject
Project("{FAE04EC0-301F-11D3-BF4B-00C04F79EFBC}") = "WordSorter", "DataStructure\BinaryTree\WordSorter\WordSorter.csproj", "{4D117F88-CE33-4A74-8D2C-3E8401C6BF6C}"
EndProject
Project("{2150E333-8FDC-42A3-9474-1A3956D46DE8}") = "AVLTree", "AVLTree", "{D1E0F940-EDB9-4A71-96CA-5E15ED4C95C3}"
EndProject
Project("{FAE04EC0-301F-11D3-BF4B-00C04F79EFBC}") = "AVLTree", "Algorithm\AVLTree\AVLTree\AVLTree.csproj", "{C131613C-EE5A-4576-A76E-099B59723B74}"
EndProject
Project("{FAE04EC0-301F-11D3-BF4B-00C04F79EFBC}") = "AVLTreeTests", "Algorithm\AVLTree\AVLTreeTests\AVLTreeTests.csproj", "{962FD73E-A90D-48A3-8E9A-7BED6F7A2642}"
EndProject
Project("{2150E333-8FDC-42A3-9474-1A3956D46DE8}") = "StringSearching", "StringSearching", "{307F8DEA-37EA-4899-981F-B2185B284ABD}"
EndProject
Project("{FAE04EC0-301F-11D3-BF4B-00C04F79EFBC}") = "SimpleTextReplacement", "Algorithm\StringSearching\SimpleTextReplacement\SimpleTextReplacement.csproj", "{2E639F42-427C-48E3-9DDE-63F436034DA7}"
EndProject
Project("{FAE04EC0-301F-11D3-BF4B-00C04F79EFBC}") = "StringSearching", "Algorithm\StringSearching\StringSearching\StringSearching.csproj", "{5548381E-592E-44DA-84F5-EBF4774C7D0E}"
EndProject
Project("{FAE04EC0-301F-11D3-BF4B-00C04F79EFBC}") = "StringSearchingTests", "Algorithm\StringSearching\StringSearchingTests\StringSearchingTests.csproj", "{496AA9EB-A69F-4E51-8D3B-6DA7B7E1262E}"
EndProject
Project("{FAE04EC0-301F-11D3-BF4B-00C04F79EFBC}") = "Tracker", "Algorithm\StringSearching\Tracker\Tracker.csproj", "{F8293E5C-D36D-4C89-BF7E-3D15B51B7A8D}"
EndProject
Project("{2150E333-8FDC-42A3-9474-1A3956D46DE8}") = "HashTable", "HashTable", "{D44F63F1-D645-4704-8889-FC115F0B938F}"
EndProject
Project("{FAE04EC0-301F-11D3-BF4B-00C04F79EFBC}") = "HashTable", "DataStructure\HashTable\HashTable\HashTable.csproj", "{48234127-DF15-4107-B2D5-265C516C1905}"
EndProject
Project("{FAE04EC0-301F-11D3-BF4B-00C04F79EFBC}") = "HashTableTests", "DataStructure\HashTable\HashTableTests\HashTableTests.csproj", "{AF99AC4F-F4CF-4DDA-9896-B31F601A63ED}"
EndProject
Project("{FAE04EC0-301F-11D3-BF4B-00C04F79EFBC}") = "StringHashingSamples", "DataStructure\HashTable\StringHashingSamples\StringHashingSamples.csproj", "{F27FB4AE-04F9-447F-BD5D-40B80653AFBF}"
EndProject
Project("{FAE04EC0-301F-11D3-BF4B-00C04F79EFBC}") = "WordCount", "DataStructure\HashTable\WordCount\WordCount.csproj", "{81693FEF-28C3-4A59-A465-7476FB553892}"
EndProject
Global
	GlobalSection(SolutionConfigurationPlatforms) = preSolution
		Debug|Any CPU = Debug|Any CPU
		Debug|x86 = Debug|x86
		Release|Any CPU = Release|Any CPU
		Release|x86 = Release|x86
	EndGlobalSection
	GlobalSection(ProjectConfigurationPlatforms) = postSolution
		{DA7F9F47-B813-4099-94E0-1F0843194302}.Debug|Any CPU.ActiveCfg = Debug|Any CPU
		{DA7F9F47-B813-4099-94E0-1F0843194302}.Debug|Any CPU.Build.0 = Debug|Any CPU
		{DA7F9F47-B813-4099-94E0-1F0843194302}.Debug|x86.ActiveCfg = Debug|Any CPU
		{DA7F9F47-B813-4099-94E0-1F0843194302}.Debug|x86.Build.0 = Debug|Any CPU
		{DA7F9F47-B813-4099-94E0-1F0843194302}.Release|Any CPU.ActiveCfg = Release|Any CPU
		{DA7F9F47-B813-4099-94E0-1F0843194302}.Release|Any CPU.Build.0 = Release|Any CPU
		{DA7F9F47-B813-4099-94E0-1F0843194302}.Release|x86.ActiveCfg = Release|Any CPU
		{DA7F9F47-B813-4099-94E0-1F0843194302}.Release|x86.Build.0 = Release|Any CPU
		{4D47603C-6AC4-4D95-B1A6-1E6BE7DC7341}.Debug|Any CPU.ActiveCfg = Debug|Any CPU
		{4D47603C-6AC4-4D95-B1A6-1E6BE7DC7341}.Debug|Any CPU.Build.0 = Debug|Any CPU
		{4D47603C-6AC4-4D95-B1A6-1E6BE7DC7341}.Debug|x86.ActiveCfg = Debug|Any CPU
		{4D47603C-6AC4-4D95-B1A6-1E6BE7DC7341}.Debug|x86.Build.0 = Debug|Any CPU
		{4D47603C-6AC4-4D95-B1A6-1E6BE7DC7341}.Release|Any CPU.ActiveCfg = Release|Any CPU
		{4D47603C-6AC4-4D95-B1A6-1E6BE7DC7341}.Release|Any CPU.Build.0 = Release|Any CPU
		{4D47603C-6AC4-4D95-B1A6-1E6BE7DC7341}.Release|x86.ActiveCfg = Release|Any CPU
		{4D47603C-6AC4-4D95-B1A6-1E6BE7DC7341}.Release|x86.Build.0 = Release|Any CPU
		{2EEBB9D0-3B12-4443-BCAD-DE8980FCE546}.Debug|Any CPU.ActiveCfg = Debug|Any CPU
		{2EEBB9D0-3B12-4443-BCAD-DE8980FCE546}.Debug|Any CPU.Build.0 = Debug|Any CPU
		{2EEBB9D0-3B12-4443-BCAD-DE8980FCE546}.Debug|x86.ActiveCfg = Debug|Any CPU
		{2EEBB9D0-3B12-4443-BCAD-DE8980FCE546}.Debug|x86.Build.0 = Debug|Any CPU
		{2EEBB9D0-3B12-4443-BCAD-DE8980FCE546}.Release|Any CPU.ActiveCfg = Release|Any CPU
		{2EEBB9D0-3B12-4443-BCAD-DE8980FCE546}.Release|Any CPU.Build.0 = Release|Any CPU
		{2EEBB9D0-3B12-4443-BCAD-DE8980FCE546}.Release|x86.ActiveCfg = Release|Any CPU
		{2EEBB9D0-3B12-4443-BCAD-DE8980FCE546}.Release|x86.Build.0 = Release|Any CPU
		{7116E38E-EA05-4A5C-8F7E-3326B9F3E4E0}.Debug|Any CPU.ActiveCfg = Debug|x86
		{7116E38E-EA05-4A5C-8F7E-3326B9F3E4E0}.Debug|x86.ActiveCfg = Debug|x86
		{7116E38E-EA05-4A5C-8F7E-3326B9F3E4E0}.Debug|x86.Build.0 = Debug|x86
		{7116E38E-EA05-4A5C-8F7E-3326B9F3E4E0}.Release|Any CPU.ActiveCfg = Release|x86
		{7116E38E-EA05-4A5C-8F7E-3326B9F3E4E0}.Release|x86.ActiveCfg = Release|x86
		{7116E38E-EA05-4A5C-8F7E-3326B9F3E4E0}.Release|x86.Build.0 = Release|x86
		{88A30C63-9AD0-4330-9803-B55BB448D95A}.Debug|Any CPU.ActiveCfg = Debug|x86
		{88A30C63-9AD0-4330-9803-B55BB448D95A}.Debug|x86.ActiveCfg = Debug|x86
		{88A30C63-9AD0-4330-9803-B55BB448D95A}.Debug|x86.Build.0 = Debug|x86
		{88A30C63-9AD0-4330-9803-B55BB448D95A}.Release|Any CPU.ActiveCfg = Release|x86
		{88A30C63-9AD0-4330-9803-B55BB448D95A}.Release|x86.ActiveCfg = Release|x86
		{88A30C63-9AD0-4330-9803-B55BB448D95A}.Release|x86.Build.0 = Release|x86
		{C1AF64F9-0D0C-4A21-A5B2-FB52EE98C25D}.Debug|Any CPU.ActiveCfg = Debug|x86
		{C1AF64F9-0D0C-4A21-A5B2-FB52EE98C25D}.Debug|x86.ActiveCfg = Debug|x86
		{C1AF64F9-0D0C-4A21-A5B2-FB52EE98C25D}.Debug|x86.Build.0 = Debug|x86
		{C1AF64F9-0D0C-4A21-A5B2-FB52EE98C25D}.Release|Any CPU.ActiveCfg = Release|x86
		{C1AF64F9-0D0C-4A21-A5B2-FB52EE98C25D}.Release|x86.ActiveCfg = Release|x86
		{C1AF64F9-0D0C-4A21-A5B2-FB52EE98C25D}.Release|x86.Build.0 = Release|x86
		{BF2900C4-1E71-4EC6-BE20-1A2E2961C37C}.Debug|Any CPU.ActiveCfg = Debug|x86
		{BF2900C4-1E71-4EC6-BE20-1A2E2961C37C}.Debug|x86.ActiveCfg = Debug|x86
		{BF2900C4-1E71-4EC6-BE20-1A2E2961C37C}.Debug|x86.Build.0 = Debug|x86
		{BF2900C4-1E71-4EC6-BE20-1A2E2961C37C}.Release|Any CPU.ActiveCfg = Release|x86
		{BF2900C4-1E71-4EC6-BE20-1A2E2961C37C}.Release|x86.ActiveCfg = Release|x86
		{BF2900C4-1E71-4EC6-BE20-1A2E2961C37C}.Release|x86.Build.0 = Release|x86
		{C61D529C-AF26-441B-A375-9CE89E56FB65}.Debug|Any CPU.ActiveCfg = Debug|Any CPU
		{C61D529C-AF26-441B-A375-9CE89E56FB65}.Debug|Any CPU.Build.0 = Debug|Any CPU
		{C61D529C-AF26-441B-A375-9CE89E56FB65}.Debug|x86.ActiveCfg = Debug|Any CPU
		{C61D529C-AF26-441B-A375-9CE89E56FB65}.Debug|x86.Build.0 = Debug|Any CPU
		{C61D529C-AF26-441B-A375-9CE89E56FB65}.Release|Any CPU.ActiveCfg = Release|Any CPU
		{C61D529C-AF26-441B-A375-9CE89E56FB65}.Release|Any CPU.Build.0 = Release|Any CPU
		{C61D529C-AF26-441B-A375-9CE89E56FB65}.Release|x86.ActiveCfg = Release|Any CPU
		{C61D529C-AF26-441B-A375-9CE89E56FB65}.Release|x86.Build.0 = Release|Any CPU
		{F56BE7D6-F607-4A76-BF13-6D078CD1A5B2}.Debug|Any CPU.ActiveCfg = Debug|Any CPU
		{F56BE7D6-F607-4A76-BF13-6D078CD1A5B2}.Debug|Any CPU.Build.0 = Debug|Any CPU
		{F56BE7D6-F607-4A76-BF13-6D078CD1A5B2}.Debug|x86.ActiveCfg = Debug|Any CPU
		{F56BE7D6-F607-4A76-BF13-6D078CD1A5B2}.Debug|x86.Build.0 = Debug|Any CPU
		{F56BE7D6-F607-4A76-BF13-6D078CD1A5B2}.Release|Any CPU.ActiveCfg = Release|Any CPU
		{F56BE7D6-F607-4A76-BF13-6D078CD1A5B2}.Release|Any CPU.Build.0 = Release|Any CPU
		{F56BE7D6-F607-4A76-BF13-6D078CD1A5B2}.Release|x86.ActiveCfg = Release|Any CPU
		{F56BE7D6-F607-4A76-BF13-6D078CD1A5B2}.Release|x86.Build.0 = Release|Any CPU
		{4FE3B420-7E63-4C2F-91B4-1536AA42A74F}.Debug|Any CPU.ActiveCfg = Debug|Any CPU
		{4FE3B420-7E63-4C2F-91B4-1536AA42A74F}.Debug|Any CPU.Build.0 = Debug|Any CPU
		{4FE3B420-7E63-4C2F-91B4-1536AA42A74F}.Debug|x86.ActiveCfg = Debug|Any CPU
		{4FE3B420-7E63-4C2F-91B4-1536AA42A74F}.Debug|x86.Build.0 = Debug|Any CPU
		{4FE3B420-7E63-4C2F-91B4-1536AA42A74F}.Release|Any CPU.ActiveCfg = Release|Any CPU
		{4FE3B420-7E63-4C2F-91B4-1536AA42A74F}.Release|Any CPU.Build.0 = Release|Any CPU
		{4FE3B420-7E63-4C2F-91B4-1536AA42A74F}.Release|x86.ActiveCfg = Release|Any CPU
		{4FE3B420-7E63-4C2F-91B4-1536AA42A74F}.Release|x86.Build.0 = Release|Any CPU
		{94DE9000-A735-4BC5-883C-9CA89922EF2D}.Debug|Any CPU.ActiveCfg = Debug|x86
		{94DE9000-A735-4BC5-883C-9CA89922EF2D}.Debug|x86.ActiveCfg = Debug|x86
		{94DE9000-A735-4BC5-883C-9CA89922EF2D}.Debug|x86.Build.0 = Debug|x86
		{94DE9000-A735-4BC5-883C-9CA89922EF2D}.Release|Any CPU.ActiveCfg = Release|x86
		{94DE9000-A735-4BC5-883C-9CA89922EF2D}.Release|x86.ActiveCfg = Release|x86
		{94DE9000-A735-4BC5-883C-9CA89922EF2D}.Release|x86.Build.0 = Release|x86
		{0CEAFD73-29E8-4E5F-9588-3D6D3F486C84}.Debug|Any CPU.ActiveCfg = Debug|Any CPU
		{0CEAFD73-29E8-4E5F-9588-3D6D3F486C84}.Debug|Any CPU.Build.0 = Debug|Any CPU
		{0CEAFD73-29E8-4E5F-9588-3D6D3F486C84}.Debug|x86.ActiveCfg = Debug|Any CPU
		{0CEAFD73-29E8-4E5F-9588-3D6D3F486C84}.Debug|x86.Build.0 = Debug|Any CPU
		{0CEAFD73-29E8-4E5F-9588-3D6D3F486C84}.Release|Any CPU.ActiveCfg = Release|Any CPU
		{0CEAFD73-29E8-4E5F-9588-3D6D3F486C84}.Release|Any CPU.Build.0 = Release|Any CPU
		{0CEAFD73-29E8-4E5F-9588-3D6D3F486C84}.Release|x86.ActiveCfg = Release|Any CPU
		{0CEAFD73-29E8-4E5F-9588-3D6D3F486C84}.Release|x86.Build.0 = Release|Any CPU
		{00BDD253-9D71-461D-A532-EB90E22E629A}.Debug|Any CPU.ActiveCfg = Debug|Any CPU
		{00BDD253-9D71-461D-A532-EB90E22E629A}.Debug|Any CPU.Build.0 = Debug|Any CPU
		{00BDD253-9D71-461D-A532-EB90E22E629A}.Debug|x86.ActiveCfg = Debug|Any CPU
		{00BDD253-9D71-461D-A532-EB90E22E629A}.Debug|x86.Build.0 = Debug|Any CPU
		{00BDD253-9D71-461D-A532-EB90E22E629A}.Release|Any CPU.ActiveCfg = Release|Any CPU
		{00BDD253-9D71-461D-A532-EB90E22E629A}.Release|Any CPU.Build.0 = Release|Any CPU
		{00BDD253-9D71-461D-A532-EB90E22E629A}.Release|x86.ActiveCfg = Release|Any CPU
		{00BDD253-9D71-461D-A532-EB90E22E629A}.Release|x86.Build.0 = Release|Any CPU
		{0EC6C38D-AFF6-455B-91DF-347704D19715}.Debug|Any CPU.ActiveCfg = Debug|x86
		{0EC6C38D-AFF6-455B-91DF-347704D19715}.Debug|x86.ActiveCfg = Debug|x86
		{0EC6C38D-AFF6-455B-91DF-347704D19715}.Debug|x86.Build.0 = Debug|x86
		{0EC6C38D-AFF6-455B-91DF-347704D19715}.Release|Any CPU.ActiveCfg = Release|x86
		{0EC6C38D-AFF6-455B-91DF-347704D19715}.Release|x86.ActiveCfg = Release|x86
		{0EC6C38D-AFF6-455B-91DF-347704D19715}.Release|x86.Build.0 = Release|x86
		{4695BA37-9807-4265-BAAF-E9D1404F8408}.Debug|Any CPU.ActiveCfg = Debug|Any CPU
		{4695BA37-9807-4265-BAAF-E9D1404F8408}.Debug|Any CPU.Build.0 = Debug|Any CPU
		{4695BA37-9807-4265-BAAF-E9D1404F8408}.Debug|x86.ActiveCfg = Debug|Any CPU
		{4695BA37-9807-4265-BAAF-E9D1404F8408}.Debug|x86.Build.0 = Debug|Any CPU
		{4695BA37-9807-4265-BAAF-E9D1404F8408}.Release|Any CPU.ActiveCfg = Release|Any CPU
		{4695BA37-9807-4265-BAAF-E9D1404F8408}.Release|Any CPU.Build.0 = Release|Any CPU
		{4695BA37-9807-4265-BAAF-E9D1404F8408}.Release|x86.ActiveCfg = Release|Any CPU
		{4695BA37-9807-4265-BAAF-E9D1404F8408}.Release|x86.Build.0 = Release|Any CPU
		{1AFA297F-DF1E-4FBB-9351-608C6B881691}.Debug|Any CPU.ActiveCfg = Debug|Any CPU
		{1AFA297F-DF1E-4FBB-9351-608C6B881691}.Debug|Any CPU.Build.0 = Debug|Any CPU
		{1AFA297F-DF1E-4FBB-9351-608C6B881691}.Debug|x86.ActiveCfg = Debug|Any CPU
		{1AFA297F-DF1E-4FBB-9351-608C6B881691}.Debug|x86.Build.0 = Debug|Any CPU
		{1AFA297F-DF1E-4FBB-9351-608C6B881691}.Release|Any CPU.ActiveCfg = Release|Any CPU
		{1AFA297F-DF1E-4FBB-9351-608C6B881691}.Release|Any CPU.Build.0 = Release|Any CPU
		{1AFA297F-DF1E-4FBB-9351-608C6B881691}.Release|x86.ActiveCfg = Release|Any CPU
		{1AFA297F-DF1E-4FBB-9351-608C6B881691}.Release|x86.Build.0 = Release|Any CPU
		{C73ADEC2-59D1-4107-AF18-34B1D58FEF66}.Debug|Any CPU.ActiveCfg = Debug|x86
		{C73ADEC2-59D1-4107-AF18-34B1D58FEF66}.Debug|x86.ActiveCfg = Debug|x86
		{C73ADEC2-59D1-4107-AF18-34B1D58FEF66}.Debug|x86.Build.0 = Debug|x86
		{C73ADEC2-59D1-4107-AF18-34B1D58FEF66}.Release|Any CPU.ActiveCfg = Release|x86
		{C73ADEC2-59D1-4107-AF18-34B1D58FEF66}.Release|x86.ActiveCfg = Release|x86
		{C73ADEC2-59D1-4107-AF18-34B1D58FEF66}.Release|x86.Build.0 = Release|x86
		{CFD152F0-395E-46B7-88C8-753D360713A9}.Debug|Any CPU.ActiveCfg = Debug|Any CPU
		{CFD152F0-395E-46B7-88C8-753D360713A9}.Debug|Any CPU.Build.0 = Debug|Any CPU
		{CFD152F0-395E-46B7-88C8-753D360713A9}.Debug|x86.ActiveCfg = Debug|Any CPU
		{CFD152F0-395E-46B7-88C8-753D360713A9}.Debug|x86.Build.0 = Debug|Any CPU
		{CFD152F0-395E-46B7-88C8-753D360713A9}.Release|Any CPU.ActiveCfg = Release|Any CPU
		{CFD152F0-395E-46B7-88C8-753D360713A9}.Release|Any CPU.Build.0 = Release|Any CPU
		{CFD152F0-395E-46B7-88C8-753D360713A9}.Release|x86.ActiveCfg = Release|Any CPU
		{CFD152F0-395E-46B7-88C8-753D360713A9}.Release|x86.Build.0 = Release|Any CPU
		{56C1C25E-5DBD-4B53-811D-4D9BB0640168}.Debug|Any CPU.ActiveCfg = Debug|x86
		{56C1C25E-5DBD-4B53-811D-4D9BB0640168}.Debug|x86.ActiveCfg = Debug|x86
		{56C1C25E-5DBD-4B53-811D-4D9BB0640168}.Debug|x86.Build.0 = Debug|x86
		{56C1C25E-5DBD-4B53-811D-4D9BB0640168}.Release|Any CPU.ActiveCfg = Release|x86
		{56C1C25E-5DBD-4B53-811D-4D9BB0640168}.Release|x86.ActiveCfg = Release|x86
		{56C1C25E-5DBD-4B53-811D-4D9BB0640168}.Release|x86.Build.0 = Release|x86
		{1EC0A6CB-2255-4451-A320-D06964CBF8EA}.Debug|Any CPU.ActiveCfg = Debug|Any CPU
		{1EC0A6CB-2255-4451-A320-D06964CBF8EA}.Debug|Any CPU.Build.0 = Debug|Any CPU
		{1EC0A6CB-2255-4451-A320-D06964CBF8EA}.Debug|x86.ActiveCfg = Debug|Any CPU
		{1EC0A6CB-2255-4451-A320-D06964CBF8EA}.Debug|x86.Build.0 = Debug|Any CPU
		{1EC0A6CB-2255-4451-A320-D06964CBF8EA}.Release|Any CPU.ActiveCfg = Release|Any CPU
		{1EC0A6CB-2255-4451-A320-D06964CBF8EA}.Release|Any CPU.Build.0 = Release|Any CPU
		{1EC0A6CB-2255-4451-A320-D06964CBF8EA}.Release|x86.ActiveCfg = Release|Any CPU
		{1EC0A6CB-2255-4451-A320-D06964CBF8EA}.Release|x86.Build.0 = Release|Any CPU
		{26488139-95EA-424E-8A71-34D4A3C3E2C2}.Debug|Any CPU.ActiveCfg = Debug|Any CPU
		{26488139-95EA-424E-8A71-34D4A3C3E2C2}.Debug|Any CPU.Build.0 = Debug|Any CPU
		{26488139-95EA-424E-8A71-34D4A3C3E2C2}.Debug|x86.ActiveCfg = Debug|Any CPU
		{26488139-95EA-424E-8A71-34D4A3C3E2C2}.Debug|x86.Build.0 = Debug|Any CPU
		{26488139-95EA-424E-8A71-34D4A3C3E2C2}.Release|Any CPU.ActiveCfg = Release|Any CPU
		{26488139-95EA-424E-8A71-34D4A3C3E2C2}.Release|Any CPU.Build.0 = Release|Any CPU
		{26488139-95EA-424E-8A71-34D4A3C3E2C2}.Release|x86.ActiveCfg = Release|Any CPU
		{26488139-95EA-424E-8A71-34D4A3C3E2C2}.Release|x86.Build.0 = Release|Any CPU
		{26B5C959-8A9A-41DD-9A10-18F68FDEEA6C}.Debug|Any CPU.ActiveCfg = Debug|Any CPU
		{26B5C959-8A9A-41DD-9A10-18F68FDEEA6C}.Debug|Any CPU.Build.0 = Debug|Any CPU
		{26B5C959-8A9A-41DD-9A10-18F68FDEEA6C}.Debug|x86.ActiveCfg = Debug|Any CPU
		{26B5C959-8A9A-41DD-9A10-18F68FDEEA6C}.Debug|x86.Build.0 = Debug|Any CPU
		{26B5C959-8A9A-41DD-9A10-18F68FDEEA6C}.Release|Any CPU.ActiveCfg = Release|Any CPU
		{26B5C959-8A9A-41DD-9A10-18F68FDEEA6C}.Release|Any CPU.Build.0 = Release|Any CPU
		{26B5C959-8A9A-41DD-9A10-18F68FDEEA6C}.Release|x86.ActiveCfg = Release|Any CPU
		{26B5C959-8A9A-41DD-9A10-18F68FDEEA6C}.Release|x86.Build.0 = Release|Any CPU
		{80578362-8E39-4C0B-8926-992686201F00}.Debug|Any CPU.ActiveCfg = Debug|Any CPU
		{80578362-8E39-4C0B-8926-992686201F00}.Debug|Any CPU.Build.0 = Debug|Any CPU
		{80578362-8E39-4C0B-8926-992686201F00}.Debug|x86.ActiveCfg = Debug|Any CPU
		{80578362-8E39-4C0B-8926-992686201F00}.Debug|x86.Build.0 = Debug|Any CPU
		{80578362-8E39-4C0B-8926-992686201F00}.Release|Any CPU.ActiveCfg = Release|Any CPU
		{80578362-8E39-4C0B-8926-992686201F00}.Release|Any CPU.Build.0 = Release|Any CPU
		{80578362-8E39-4C0B-8926-992686201F00}.Release|x86.ActiveCfg = Release|Any CPU
		{80578362-8E39-4C0B-8926-992686201F00}.Release|x86.Build.0 = Release|Any CPU
		{7A88AD3F-EBA6-416E-AFC3-5B0F144D1B66}.Debug|Any CPU.ActiveCfg = Debug|x86
		{7A88AD3F-EBA6-416E-AFC3-5B0F144D1B66}.Debug|x86.ActiveCfg = Debug|x86
		{7A88AD3F-EBA6-416E-AFC3-5B0F144D1B66}.Debug|x86.Build.0 = Debug|x86
		{7A88AD3F-EBA6-416E-AFC3-5B0F144D1B66}.Release|Any CPU.ActiveCfg = Release|x86
		{7A88AD3F-EBA6-416E-AFC3-5B0F144D1B66}.Release|x86.ActiveCfg = Release|x86
		{7A88AD3F-EBA6-416E-AFC3-5B0F144D1B66}.Release|x86.Build.0 = Release|x86
		{642C811F-9A11-4042-96FA-8B1CFD5A271A}.Debug|Any CPU.ActiveCfg = Debug|x86
		{642C811F-9A11-4042-96FA-8B1CFD5A271A}.Debug|x86.ActiveCfg = Debug|x86
		{642C811F-9A11-4042-96FA-8B1CFD5A271A}.Debug|x86.Build.0 = Debug|x86
		{642C811F-9A11-4042-96FA-8B1CFD5A271A}.Release|Any CPU.ActiveCfg = Release|x86
		{642C811F-9A11-4042-96FA-8B1CFD5A271A}.Release|x86.ActiveCfg = Release|x86
		{642C811F-9A11-4042-96FA-8B1CFD5A271A}.Release|x86.Build.0 = Release|x86
		{EB2A9A94-AFBC-40CB-AA19-B38112916ADF}.Debug|Any CPU.ActiveCfg = Debug|Any CPU
		{EB2A9A94-AFBC-40CB-AA19-B38112916ADF}.Debug|Any CPU.Build.0 = Debug|Any CPU
		{EB2A9A94-AFBC-40CB-AA19-B38112916ADF}.Debug|x86.ActiveCfg = Debug|Any CPU
		{EB2A9A94-AFBC-40CB-AA19-B38112916ADF}.Debug|x86.Build.0 = Debug|Any CPU
		{EB2A9A94-AFBC-40CB-AA19-B38112916ADF}.Release|Any CPU.ActiveCfg = Release|Any CPU
		{EB2A9A94-AFBC-40CB-AA19-B38112916ADF}.Release|Any CPU.Build.0 = Release|Any CPU
		{EB2A9A94-AFBC-40CB-AA19-B38112916ADF}.Release|x86.ActiveCfg = Release|Any CPU
		{EB2A9A94-AFBC-40CB-AA19-B38112916ADF}.Release|x86.Build.0 = Release|Any CPU
		{2D8F1BFD-57A7-47A1-8252-6C24C1B1878A}.Debug|Any CPU.ActiveCfg = Debug|Any CPU
		{2D8F1BFD-57A7-47A1-8252-6C24C1B1878A}.Debug|Any CPU.Build.0 = Debug|Any CPU
		{2D8F1BFD-57A7-47A1-8252-6C24C1B1878A}.Debug|x86.ActiveCfg = Debug|Any CPU
		{2D8F1BFD-57A7-47A1-8252-6C24C1B1878A}.Debug|x86.Build.0 = Debug|Any CPU
		{2D8F1BFD-57A7-47A1-8252-6C24C1B1878A}.Release|Any CPU.ActiveCfg = Release|Any CPU
		{2D8F1BFD-57A7-47A1-8252-6C24C1B1878A}.Release|Any CPU.Build.0 = Release|Any CPU
		{2D8F1BFD-57A7-47A1-8252-6C24C1B1878A}.Release|x86.ActiveCfg = Release|Any CPU
		{2D8F1BFD-57A7-47A1-8252-6C24C1B1878A}.Release|x86.Build.0 = Release|Any CPU
		{4D117F88-CE33-4A74-8D2C-3E8401C6BF6C}.Debug|Any CPU.ActiveCfg = Debug|x86
		{4D117F88-CE33-4A74-8D2C-3E8401C6BF6C}.Debug|x86.ActiveCfg = Debug|x86
		{4D117F88-CE33-4A74-8D2C-3E8401C6BF6C}.Debug|x86.Build.0 = Debug|x86
		{4D117F88-CE33-4A74-8D2C-3E8401C6BF6C}.Release|Any CPU.ActiveCfg = Release|x86
		{4D117F88-CE33-4A74-8D2C-3E8401C6BF6C}.Release|x86.ActiveCfg = Release|x86
		{4D117F88-CE33-4A74-8D2C-3E8401C6BF6C}.Release|x86.Build.0 = Release|x86
		{C131613C-EE5A-4576-A76E-099B59723B74}.Debug|Any CPU.ActiveCfg = Debug|Any CPU
		{C131613C-EE5A-4576-A76E-099B59723B74}.Debug|Any CPU.Build.0 = Debug|Any CPU
		{C131613C-EE5A-4576-A76E-099B59723B74}.Debug|x86.ActiveCfg = Debug|Any CPU
		{C131613C-EE5A-4576-A76E-099B59723B74}.Debug|x86.Build.0 = Debug|Any CPU
		{C131613C-EE5A-4576-A76E-099B59723B74}.Release|Any CPU.ActiveCfg = Release|Any CPU
		{C131613C-EE5A-4576-A76E-099B59723B74}.Release|Any CPU.Build.0 = Release|Any CPU
		{C131613C-EE5A-4576-A76E-099B59723B74}.Release|x86.ActiveCfg = Release|Any CPU
		{C131613C-EE5A-4576-A76E-099B59723B74}.Release|x86.Build.0 = Release|Any CPU
		{962FD73E-A90D-48A3-8E9A-7BED6F7A2642}.Debug|Any CPU.ActiveCfg = Debug|Any CPU
		{962FD73E-A90D-48A3-8E9A-7BED6F7A2642}.Debug|Any CPU.Build.0 = Debug|Any CPU
		{962FD73E-A90D-48A3-8E9A-7BED6F7A2642}.Debug|x86.ActiveCfg = Debug|Any CPU
		{962FD73E-A90D-48A3-8E9A-7BED6F7A2642}.Debug|x86.Build.0 = Debug|Any CPU
		{962FD73E-A90D-48A3-8E9A-7BED6F7A2642}.Release|Any CPU.ActiveCfg = Release|Any CPU
		{962FD73E-A90D-48A3-8E9A-7BED6F7A2642}.Release|Any CPU.Build.0 = Release|Any CPU
		{962FD73E-A90D-48A3-8E9A-7BED6F7A2642}.Release|x86.ActiveCfg = Release|Any CPU
		{962FD73E-A90D-48A3-8E9A-7BED6F7A2642}.Release|x86.Build.0 = Release|Any CPU
		{2E639F42-427C-48E3-9DDE-63F436034DA7}.Debug|Any CPU.ActiveCfg = Debug|x86
		{2E639F42-427C-48E3-9DDE-63F436034DA7}.Debug|x86.ActiveCfg = Debug|x86
		{2E639F42-427C-48E3-9DDE-63F436034DA7}.Debug|x86.Build.0 = Debug|x86
		{2E639F42-427C-48E3-9DDE-63F436034DA7}.Release|Any CPU.ActiveCfg = Release|x86
		{2E639F42-427C-48E3-9DDE-63F436034DA7}.Release|x86.ActiveCfg = Release|x86
		{2E639F42-427C-48E3-9DDE-63F436034DA7}.Release|x86.Build.0 = Release|x86
		{5548381E-592E-44DA-84F5-EBF4774C7D0E}.Debug|Any CPU.ActiveCfg = Debug|Any CPU
		{5548381E-592E-44DA-84F5-EBF4774C7D0E}.Debug|Any CPU.Build.0 = Debug|Any CPU
		{5548381E-592E-44DA-84F5-EBF4774C7D0E}.Debug|x86.ActiveCfg = Debug|Any CPU
		{5548381E-592E-44DA-84F5-EBF4774C7D0E}.Debug|x86.Build.0 = Debug|Any CPU
		{5548381E-592E-44DA-84F5-EBF4774C7D0E}.Release|Any CPU.ActiveCfg = Release|Any CPU
		{5548381E-592E-44DA-84F5-EBF4774C7D0E}.Release|Any CPU.Build.0 = Release|Any CPU
		{5548381E-592E-44DA-84F5-EBF4774C7D0E}.Release|x86.ActiveCfg = Release|Any CPU
		{5548381E-592E-44DA-84F5-EBF4774C7D0E}.Release|x86.Build.0 = Release|Any CPU
		{496AA9EB-A69F-4E51-8D3B-6DA7B7E1262E}.Debug|Any CPU.ActiveCfg = Debug|Any CPU
		{496AA9EB-A69F-4E51-8D3B-6DA7B7E1262E}.Debug|Any CPU.Build.0 = Debug|Any CPU
		{496AA9EB-A69F-4E51-8D3B-6DA7B7E1262E}.Debug|x86.ActiveCfg = Debug|Any CPU
		{496AA9EB-A69F-4E51-8D3B-6DA7B7E1262E}.Debug|x86.Build.0 = Debug|Any CPU
		{496AA9EB-A69F-4E51-8D3B-6DA7B7E1262E}.Release|Any CPU.ActiveCfg = Release|Any CPU
		{496AA9EB-A69F-4E51-8D3B-6DA7B7E1262E}.Release|Any CPU.Build.0 = Release|Any CPU
		{496AA9EB-A69F-4E51-8D3B-6DA7B7E1262E}.Release|x86.ActiveCfg = Release|Any CPU
		{496AA9EB-A69F-4E51-8D3B-6DA7B7E1262E}.Release|x86.Build.0 = Release|Any CPU
		{F8293E5C-D36D-4C89-BF7E-3D15B51B7A8D}.Debug|Any CPU.ActiveCfg = Debug|Any CPU
		{F8293E5C-D36D-4C89-BF7E-3D15B51B7A8D}.Debug|Any CPU.Build.0 = Debug|Any CPU
		{F8293E5C-D36D-4C89-BF7E-3D15B51B7A8D}.Debug|x86.ActiveCfg = Debug|Any CPU
		{F8293E5C-D36D-4C89-BF7E-3D15B51B7A8D}.Debug|x86.Build.0 = Debug|Any CPU
		{F8293E5C-D36D-4C89-BF7E-3D15B51B7A8D}.Release|Any CPU.ActiveCfg = Release|Any CPU
		{F8293E5C-D36D-4C89-BF7E-3D15B51B7A8D}.Release|Any CPU.Build.0 = Release|Any CPU
		{F8293E5C-D36D-4C89-BF7E-3D15B51B7A8D}.Release|x86.ActiveCfg = Release|Any CPU
		{F8293E5C-D36D-4C89-BF7E-3D15B51B7A8D}.Release|x86.Build.0 = Release|Any CPU
		{48234127-DF15-4107-B2D5-265C516C1905}.Debug|Any CPU.ActiveCfg = Debug|Any CPU
		{48234127-DF15-4107-B2D5-265C516C1905}.Debug|Any CPU.Build.0 = Debug|Any CPU
		{48234127-DF15-4107-B2D5-265C516C1905}.Debug|x86.ActiveCfg = Debug|Any CPU
		{48234127-DF15-4107-B2D5-265C516C1905}.Debug|x86.Build.0 = Debug|Any CPU
		{48234127-DF15-4107-B2D5-265C516C1905}.Release|Any CPU.ActiveCfg = Release|Any CPU
		{48234127-DF15-4107-B2D5-265C516C1905}.Release|Any CPU.Build.0 = Release|Any CPU
		{48234127-DF15-4107-B2D5-265C516C1905}.Release|x86.ActiveCfg = Release|Any CPU
		{48234127-DF15-4107-B2D5-265C516C1905}.Release|x86.Build.0 = Release|Any CPU
		{AF99AC4F-F4CF-4DDA-9896-B31F601A63ED}.Debug|Any CPU.ActiveCfg = Debug|Any CPU
		{AF99AC4F-F4CF-4DDA-9896-B31F601A63ED}.Debug|Any CPU.Build.0 = Debug|Any CPU
		{AF99AC4F-F4CF-4DDA-9896-B31F601A63ED}.Debug|x86.ActiveCfg = Debug|Any CPU
		{AF99AC4F-F4CF-4DDA-9896-B31F601A63ED}.Debug|x86.Build.0 = Debug|Any CPU
		{AF99AC4F-F4CF-4DDA-9896-B31F601A63ED}.Release|Any CPU.ActiveCfg = Release|Any CPU
		{AF99AC4F-F4CF-4DDA-9896-B31F601A63ED}.Release|Any CPU.Build.0 = Release|Any CPU
		{AF99AC4F-F4CF-4DDA-9896-B31F601A63ED}.Release|x86.ActiveCfg = Release|Any CPU
		{AF99AC4F-F4CF-4DDA-9896-B31F601A63ED}.Release|x86.Build.0 = Release|Any CPU
		{F27FB4AE-04F9-447F-BD5D-40B80653AFBF}.Debug|Any CPU.ActiveCfg = Debug|x86
		{F27FB4AE-04F9-447F-BD5D-40B80653AFBF}.Debug|x86.ActiveCfg = Debug|x86
		{F27FB4AE-04F9-447F-BD5D-40B80653AFBF}.Debug|x86.Build.0 = Debug|x86
		{F27FB4AE-04F9-447F-BD5D-40B80653AFBF}.Release|Any CPU.ActiveCfg = Release|x86
		{F27FB4AE-04F9-447F-BD5D-40B80653AFBF}.Release|x86.ActiveCfg = Release|x86
		{F27FB4AE-04F9-447F-BD5D-40B80653AFBF}.Release|x86.Build.0 = Release|x86
		{81693FEF-28C3-4A59-A465-7476FB553892}.Debug|Any CPU.ActiveCfg = Debug|x86
		{81693FEF-28C3-4A59-A465-7476FB553892}.Debug|x86.ActiveCfg = Debug|x86
		{81693FEF-28C3-4A59-A465-7476FB553892}.Debug|x86.Build.0 = Debug|x86
		{81693FEF-28C3-4A59-A465-7476FB553892}.Release|Any CPU.ActiveCfg = Release|x86
		{81693FEF-28C3-4A59-A465-7476FB553892}.Release|x86.ActiveCfg = Release|x86
		{81693FEF-28C3-4A59-A465-7476FB553892}.Release|x86.Build.0 = Release|x86
	EndGlobalSection
	GlobalSection(SolutionProperties) = preSolution
		HideSolutionNode = FALSE
	EndGlobalSection
	GlobalSection(NestedProjects) = preSolution
		{EB522A43-B467-40A3-98E9-E11B02F4531A} = {791A576A-55BD-4C5B-B24C-35E6A1B6B06F}
		{DA7F9F47-B813-4099-94E0-1F0843194302} = {EB522A43-B467-40A3-98E9-E11B02F4531A}
		{4D47603C-6AC4-4D95-B1A6-1E6BE7DC7341} = {EB522A43-B467-40A3-98E9-E11B02F4531A}
		{2EEBB9D0-3B12-4443-BCAD-DE8980FCE546} = {EB522A43-B467-40A3-98E9-E11B02F4531A}
		{7116E38E-EA05-4A5C-8F7E-3326B9F3E4E0} = {EB522A43-B467-40A3-98E9-E11B02F4531A}
		{88A30C63-9AD0-4330-9803-B55BB448D95A} = {EB522A43-B467-40A3-98E9-E11B02F4531A}
		{00C7DC6F-9019-4634-8D3C-038C678F7ABC} = {791A576A-55BD-4C5B-B24C-35E6A1B6B06F}
		{C1AF64F9-0D0C-4A21-A5B2-FB52EE98C25D} = {00C7DC6F-9019-4634-8D3C-038C678F7ABC}
		{BF2900C4-1E71-4EC6-BE20-1A2E2961C37C} = {00C7DC6F-9019-4634-8D3C-038C678F7ABC}
		{C61D529C-AF26-441B-A375-9CE89E56FB65} = {00C7DC6F-9019-4634-8D3C-038C678F7ABC}
		{F56BE7D6-F607-4A76-BF13-6D078CD1A5B2} = {00C7DC6F-9019-4634-8D3C-038C678F7ABC}
		{4FE3B420-7E63-4C2F-91B4-1536AA42A74F} = {00C7DC6F-9019-4634-8D3C-038C678F7ABC}
		{94DE9000-A735-4BC5-883C-9CA89922EF2D} = {00C7DC6F-9019-4634-8D3C-038C678F7ABC}
		{BFFE31E7-E872-4737-86EC-7F369D634BE0} = {EF66BC20-0FED-4451-805D-F20DB3B09240}
		{0CEAFD73-29E8-4E5F-9588-3D6D3F486C84} = {BFFE31E7-E872-4737-86EC-7F369D634BE0}
		{00BDD253-9D71-461D-A532-EB90E22E629A} = {BFFE31E7-E872-4737-86EC-7F369D634BE0}
		{0EC6C38D-AFF6-455B-91DF-347704D19715} = {BFFE31E7-E872-4737-86EC-7F369D634BE0}
		{4695BA37-9807-4265-BAAF-E9D1404F8408} = {BFFE31E7-E872-4737-86EC-7F369D634BE0}
		{64E031AF-A81E-4B6E-A0C6-62FFFC7B2228} = {EF66BC20-0FED-4451-805D-F20DB3B09240}
		{1AFA297F-DF1E-4FBB-9351-608C6B881691} = {64E031AF-A81E-4B6E-A0C6-62FFFC7B2228}
		{C73ADEC2-59D1-4107-AF18-34B1D58FEF66} = {64E031AF-A81E-4B6E-A0C6-62FFFC7B2228}
		{CFD152F0-395E-46B7-88C8-753D360713A9} = {64E031AF-A81E-4B6E-A0C6-62FFFC7B2228}
		{3115E418-FAF4-4A7F-ACD4-D402ECE717B6} = {791A576A-55BD-4C5B-B24C-35E6A1B6B06F}
		{56C1C25E-5DBD-4B53-811D-4D9BB0640168} = {3115E418-FAF4-4A7F-ACD4-D402ECE717B6}
		{1EC0A6CB-2255-4451-A320-D06964CBF8EA} = {3115E418-FAF4-4A7F-ACD4-D402ECE717B6}
		{26488139-95EA-424E-8A71-34D4A3C3E2C2} = {3115E418-FAF4-4A7F-ACD4-D402ECE717B6}
		{26B5C959-8A9A-41DD-9A10-18F68FDEEA6C} = {3115E418-FAF4-4A7F-ACD4-D402ECE717B6}
		{80578362-8E39-4C0B-8926-992686201F00} = {3115E418-FAF4-4A7F-ACD4-D402ECE717B6}
		{7A88AD3F-EBA6-416E-AFC3-5B0F144D1B66} = {3115E418-FAF4-4A7F-ACD4-D402ECE717B6}
		{642C811F-9A11-4042-96FA-8B1CFD5A271A} = {3115E418-FAF4-4A7F-ACD4-D402ECE717B6}
		{D50DD2D8-D729-4D7F-8FFF-B5544B07A3C8} = {791A576A-55BD-4C5B-B24C-35E6A1B6B06F}
		{EB2A9A94-AFBC-40CB-AA19-B38112916ADF} = {D50DD2D8-D729-4D7F-8FFF-B5544B07A3C8}
		{2D8F1BFD-57A7-47A1-8252-6C24C1B1878A} = {D50DD2D8-D729-4D7F-8FFF-B5544B07A3C8}
		{4D117F88-CE33-4A74-8D2C-3E8401C6BF6C} = {D50DD2D8-D729-4D7F-8FFF-B5544B07A3C8}
		{D1E0F940-EDB9-4A71-96CA-5E15ED4C95C3} = {EF66BC20-0FED-4451-805D-F20DB3B09240}
		{C131613C-EE5A-4576-A76E-099B59723B74} = {D1E0F940-EDB9-4A71-96CA-5E15ED4C95C3}
		{962FD73E-A90D-48A3-8E9A-7BED6F7A2642} = {D1E0F940-EDB9-4A71-96CA-5E15ED4C95C3}
		{307F8DEA-37EA-4899-981F-B2185B284ABD} = {EF66BC20-0FED-4451-805D-F20DB3B09240}
		{2E639F42-427C-48E3-9DDE-63F436034DA7} = {307F8DEA-37EA-4899-981F-B2185B284ABD}
		{5548381E-592E-44DA-84F5-EBF4774C7D0E} = {307F8DEA-37EA-4899-981F-B2185B284ABD}
		{496AA9EB-A69F-4E51-8D3B-6DA7B7E1262E} = {307F8DEA-37EA-4899-981F-B2185B284ABD}
		{F8293E5C-D36D-4C89-BF7E-3D15B51B7A8D} = {307F8DEA-37EA-4899-981F-B2185B284ABD}
		{D44F63F1-D645-4704-8889-FC115F0B938F} = {791A576A-55BD-4C5B-B24C-35E6A1B6B06F}
		{48234127-DF15-4107-B2D5-265C516C1905} = {D44F63F1-D645-4704-8889-FC115F0B938F}
		{AF99AC4F-F4CF-4DDA-9896-B31F601A63ED} = {D44F63F1-D645-4704-8889-FC115F0B938F}
		{F27FB4AE-04F9-447F-BD5D-40B80653AFBF} = {D44F63F1-D645-4704-8889-FC115F0B938F}
		{81693FEF-28C3-4A59-A465-7476FB553892} = {D44F63F1-D645-4704-8889-FC115F0B938F}
	EndGlobalSection
EndGlobal
